
Microsoft Visual Studio Solution File, Format Version 12.00
# Visual Studio Version 17
VisualStudioVersion = 17.11.35327.3
MinimumVisualStudioVersion = 10.0.40219.1
Project("{FAE04EC0-301F-11D3-BF4B-00C04F79EFBC}") = "lr4", "lr4.csproj", "{8060BC04-656B-4704-917E-361EC3A20E0C}"
EndProject
Global
	GlobalSection(SolutionConfigurationPlatforms) = preSolution
		Debug|Any CPU = Debug|Any CPU
		Release|Any CPU = Release|Any CPU
	EndGlobalSection
	GlobalSection(ProjectConfigurationPlatforms) = postSolution
		{8060BC04-656B-4704-917E-361EC3A20E0C}.Debug|Any CPU.ActiveCfg = Debug|Any CPU
		{8060BC04-656B-4704-917E-361EC3A20E0C}.Debug|Any CPU.Build.0 = Debug|Any CPU
		{8060BC04-656B-4704-917E-361EC3A20E0C}.Release|Any CPU.ActiveCfg = Release|Any CPU
		{8060BC04-656B-4704-917E-361EC3A20E0C}.Release|Any CPU.Build.0 = Release|Any CPU
	EndGlobalSection
	GlobalSection(SolutionProperties) = preSolution
		HideSolutionNode = FALSE
	EndGlobalSection
	GlobalSection(ExtensibilityGlobals) = postSolution
		SolutionGuid = {76DD5A3C-68BE-4518-BC03-593EBADA03A0}
	EndGlobalSection
EndGlobal
